{
  "name": "function-calling",
  "lockfileVersion": 3,
  "requires": true,
  "packages": {
    "": {
      "dependencies": {
        "@rdkit/rdkit": "^2024.3.5-1.0.0"
      }
    },
    "node_modules/@rdkit/rdkit": {
      "version": "2024.3.5-1.0.0",
      "resolved": "https://registry.npmjs.org/@rdkit/rdkit/-/rdkit-2024.3.5-1.0.0.tgz",
      "integrity": "sha512-q87k77c6P2w561mBQRgoY2eBovTQy51VGdFlGbXGlQiuxm1MWnrxNnSaUsIyyvh0MVCszVCDT+62PQKuR1NOvQ==",
      "license": "BSD-3-Clause",
      "workspaces": [
        "examples/react",
        "examples/javascript",
        "examples/vue",
        "examples/angular",
        "examples/nextjs",
        "examples/node"
      ]
    }
  }
}
